PODS:
  - KIF (3.7.8):
    - KIF/Core (= 3.7.8)
  - KIF-Quick (1.1.0):
    - KIF (>= 3.7.8)
    - Quick (>= 1.3.4)
  - KIF/Core (3.7.8)
  - Quick (2.2.0)

DEPENDENCIES:
  - KIF-Quick (from `../`)

SPEC REPOS:
  trunk:
    - KIF
    - Quick

EXTERNAL SOURCES:
  KIF-Quick:
    :path: "../"

SPEC CHECKSUMS:
  KIF: 52e1af1a78cf6fe4ec6777b14776f3dd2eccc32e
  KIF-Quick: 218fc6aadb9d979f9b0afa5d866136a271923575
  Quick: 7fb19e13be07b5dfb3b90d4f9824c855a11af40e

PODFILE CHECKSUM: 48447a2c9dab6d7233a99da1a7a9670158e4eb0e

COCOAPODS: 1.8.4
